
Microsoft Visual Studio Solution File, Format Version 12.00
# Visual Studio Version 16
VisualStudioVersion = 16.0.32901.82
MinimumVisualStudioVersion = 10.0.40219.1
Project("{FAE04EC0-301F-11D3-BF4B-00C04F79EFBC}") = "UrnaDeMaria", "UrnaDeMaria\UrnaDeMaria.csproj", "{B3AAAAFF-19C5-4211-94C5-89C94A6B1005}"
EndProject
Global
	GlobalSection(SolutionConfigurationPlatforms) = preSolution
		Debug|Any CPU = Debug|Any CPU
		Release|Any CPU = Release|Any CPU
	EndGlobalSection
	GlobalSection(ProjectConfigurationPlatforms) = postSolution
		{B3AAAAFF-19C5-4211-94C5-89C94A6B1005}.Debug|Any CPU.ActiveCfg = Debug|Any CPU
		{B3AAAAFF-19C5-4211-94C5-89C94A6B1005}.Debug|Any CPU.Build.0 = Debug|Any CPU
		{B3AAAAFF-19C5-4211-94C5-89C94A6B1005}.Release|Any CPU.ActiveCfg = Release|Any CPU
		{B3AAAAFF-19C5-4211-94C5-89C94A6B1005}.Release|Any CPU.Build.0 = Release|Any CPU
	EndGlobalSection
	GlobalSection(SolutionProperties) = preSolution
		HideSolutionNode = FALSE
	EndGlobalSection
	GlobalSection(ExtensibilityGlobals) = postSolution
		SolutionGuid = {1899E57A-6072-46D8-9781-3C7D16E3D7D2}
	EndGlobalSection
EndGlobal
